
Microsoft Visual Studio Solution File, Format Version 12.00
# Visual Studio Version 16
VisualStudioVersion = 16.0.31624.102
MinimumVisualStudioVersion = 10.0.40219.1
Project("{FAE04EC0-301F-11D3-BF4B-00C04F79EFBC}") = "AndysFishingGear", "AndysFishingGear.csproj", "{A943C7A8-0526-4054-83F6-6C71897E2D7D}"
EndProject
Global
	GlobalSection(SolutionConfigurationPlatforms) = preSolution
		Debug|Any CPU = Debug|Any CPU
		Release|Any CPU = Release|Any CPU
	EndGlobalSection
	GlobalSection(ProjectConfigurationPlatforms) = postSolution
		{A943C7A8-0526-4054-83F6-6C71897E2D7D}.Debug|Any CPU.ActiveCfg = Debug|Any CPU
		{A943C7A8-0526-4054-83F6-6C71897E2D7D}.Debug|Any CPU.Build.0 = Debug|Any CPU
		{A943C7A8-0526-4054-83F6-6C71897E2D7D}.Release|Any CPU.ActiveCfg = Release|Any CPU
		{A943C7A8-0526-4054-83F6-6C71897E2D7D}.Release|Any CPU.Build.0 = Release|Any CPU
	EndGlobalSection
	GlobalSection(SolutionProperties) = preSolution
		HideSolutionNode = FALSE
	EndGlobalSection
	GlobalSection(ExtensibilityGlobals) = postSolution
		SolutionGuid = {7BE595EB-BF1E-4EE9-B333-CA85A16A1B57}
	EndGlobalSection
EndGlobal
